
Microsoft Visual Studio Solution File, Format Version 12.00
# Visual Studio Version 17
VisualStudioVersion = 17.5.002.0
MinimumVisualStudioVersion = 10.0.40219.1
Project("{9A19103F-16F7-4668-BE54-9A1E7A4F7556}") = "SP_HW01_110213076", "SP_HW01_110213076\SP_HW01_110213076.csproj", "{44F5268B-1390-4A4E-9EEA-E849899F86F6}"
EndProject
Global
	GlobalSection(SolutionConfigurationPlatforms) = preSolution
		Debug|Any CPU = Debug|Any CPU
		Release|Any CPU = Release|Any CPU
	EndGlobalSection
	GlobalSection(ProjectConfigurationPlatforms) = postSolution
		{44F5268B-1390-4A4E-9EEA-E849899F86F6}.Debug|Any CPU.ActiveCfg = Debug|Any CPU
		{44F5268B-1390-4A4E-9EEA-E849899F86F6}.Debug|Any CPU.Build.0 = Debug|Any CPU
		{44F5268B-1390-4A4E-9EEA-E849899F86F6}.Release|Any CPU.ActiveCfg = Release|Any CPU
		{44F5268B-1390-4A4E-9EEA-E849899F86F6}.Release|Any CPU.Build.0 = Release|Any CPU
	EndGlobalSection
	GlobalSection(SolutionProperties) = preSolution
		HideSolutionNode = FALSE
	EndGlobalSection
	GlobalSection(ExtensibilityGlobals) = postSolution
		SolutionGuid = {16FE6951-2500-40F0-9696-12FAF618DCD1}
	EndGlobalSection
EndGlobal
