
Microsoft Visual Studio Solution File, Format Version 12.00
# Visual Studio Version 17
VisualStudioVersion = 17.7.34221.43
MinimumVisualStudioVersion = 10.0.40219.1
Project("{FAE04EC0-301F-11D3-BF4B-00C04F79EFBC}") = "SP_HW02_110213076", "SP_HW02_110213076.csproj", "{BE5E5E18-B8DC-4DF3-95E6-B9B764DD7530}"
EndProject
Global
	GlobalSection(SolutionConfigurationPlatforms) = preSolution
		Debug|Any CPU = Debug|Any CPU
		Release|Any CPU = Release|Any CPU
	EndGlobalSection
	GlobalSection(ProjectConfigurationPlatforms) = postSolution
		{BE5E5E18-B8DC-4DF3-95E6-B9B764DD7530}.Debug|Any CPU.ActiveCfg = Debug|Any CPU
		{BE5E5E18-B8DC-4DF3-95E6-B9B764DD7530}.Debug|Any CPU.Build.0 = Debug|Any CPU
		{BE5E5E18-B8DC-4DF3-95E6-B9B764DD7530}.Release|Any CPU.ActiveCfg = Release|Any CPU
		{BE5E5E18-B8DC-4DF3-95E6-B9B764DD7530}.Release|Any CPU.Build.0 = Release|Any CPU
	EndGlobalSection
	GlobalSection(SolutionProperties) = preSolution
		HideSolutionNode = FALSE
	EndGlobalSection
	GlobalSection(ExtensibilityGlobals) = postSolution
		SolutionGuid = {1A4AD985-DADD-4169-8BD2-3BBAEF90A165}
	EndGlobalSection
EndGlobal
