
Microsoft Visual Studio Solution File, Format Version 12.00
# Visual Studio Version 17
VisualStudioVersion = 17.7.34221.43
MinimumVisualStudioVersion = 10.0.40219.1
Project("{FAE04EC0-301F-11D3-BF4B-00C04F79EFBC}") = "SP_HW03_110213076", "SP_HW03_110213076.csproj", "{C0D10C6C-41DB-4F34-80C9-2AA42E0EFA68}"
EndProject
Global
	GlobalSection(SolutionConfigurationPlatforms) = preSolution
		Debug|Any CPU = Debug|Any CPU
		Release|Any CPU = Release|Any CPU
	EndGlobalSection
	GlobalSection(ProjectConfigurationPlatforms) = postSolution
		{C0D10C6C-41DB-4F34-80C9-2AA42E0EFA68}.Debug|Any CPU.ActiveCfg = Debug|Any CPU
		{C0D10C6C-41DB-4F34-80C9-2AA42E0EFA68}.Debug|Any CPU.Build.0 = Debug|Any CPU
		{C0D10C6C-41DB-4F34-80C9-2AA42E0EFA68}.Release|Any CPU.ActiveCfg = Release|Any CPU
		{C0D10C6C-41DB-4F34-80C9-2AA42E0EFA68}.Release|Any CPU.Build.0 = Release|Any CPU
	EndGlobalSection
	GlobalSection(SolutionProperties) = preSolution
		HideSolutionNode = FALSE
	EndGlobalSection
	GlobalSection(ExtensibilityGlobals) = postSolution
		SolutionGuid = {E4CAC687-5698-4D23-BF40-2709EC728129}
	EndGlobalSection
EndGlobal
